
Microsoft Visual Studio Solution File, Format Version 12.00
# Visual Studio Version 17
VisualStudioVersion = 17.10.35013.160
MinimumVisualStudioVersion = 10.0.40219.1
Project("{00D1A9C2-B5F0-4AF3-8072-F6C62B433612}") = "MVCProjectDatabaseFirst", "MVCProjectDatabaseFirst\MVCProjectDatabaseFirst.sqlproj", "{055FB9F6-C64B-4D79-9C89-A0D4A9019AA5}"
EndProject
Global
	GlobalSection(SolutionConfigurationPlatforms) = preSolution
		Debug|Any CPU = Debug|Any CPU
		Release|Any CPU = Release|Any CPU
	EndGlobalSection
	GlobalSection(ProjectConfigurationPlatforms) = postSolution
		{055FB9F6-C64B-4D79-9C89-A0D4A9019AA5}.Debug|Any CPU.ActiveCfg = Debug|Any CPU
		{055FB9F6-C64B-4D79-9C89-A0D4A9019AA5}.Debug|Any CPU.Build.0 = Debug|Any CPU
		{055FB9F6-C64B-4D79-9C89-A0D4A9019AA5}.Debug|Any CPU.Deploy.0 = Debug|Any CPU
		{055FB9F6-C64B-4D79-9C89-A0D4A9019AA5}.Release|Any CPU.ActiveCfg = Release|Any CPU
		{055FB9F6-C64B-4D79-9C89-A0D4A9019AA5}.Release|Any CPU.Build.0 = Release|Any CPU
		{055FB9F6-C64B-4D79-9C89-A0D4A9019AA5}.Release|Any CPU.Deploy.0 = Release|Any CPU
	EndGlobalSection
	GlobalSection(SolutionProperties) = preSolution
		HideSolutionNode = FALSE
	EndGlobalSection
	GlobalSection(ExtensibilityGlobals) = postSolution
		SolutionGuid = {BE23C72B-11B4-48D8-8D8D-DFA775DC18B9}
	EndGlobalSection
EndGlobal
